
Microsoft Visual Studio Solution File, Format Version 12.00
# Visual Studio Version 17
VisualStudioVersion = 17.7.34031.279
MinimumVisualStudioVersion = 10.0.40219.1
Project("{FAE04EC0-301F-11D3-BF4B-00C04F79EFBC}") = "Zad2zamiana", "Zad2zamiana\Zad2zamiana.csproj", "{AA76919A-F400-44CD-96B1-344986DCC578}"
EndProject
Global
	GlobalSection(SolutionConfigurationPlatforms) = preSolution
		Debug|Any CPU = Debug|Any CPU
		Release|Any CPU = Release|Any CPU
	EndGlobalSection
	GlobalSection(ProjectConfigurationPlatforms) = postSolution
		{AA76919A-F400-44CD-96B1-344986DCC578}.Debug|Any CPU.ActiveCfg = Debug|Any CPU
		{AA76919A-F400-44CD-96B1-344986DCC578}.Debug|Any CPU.Build.0 = Debug|Any CPU
		{AA76919A-F400-44CD-96B1-344986DCC578}.Release|Any CPU.ActiveCfg = Release|Any CPU
		{AA76919A-F400-44CD-96B1-344986DCC578}.Release|Any CPU.Build.0 = Release|Any CPU
	EndGlobalSection
	GlobalSection(SolutionProperties) = preSolution
		HideSolutionNode = FALSE
	EndGlobalSection
	GlobalSection(ExtensibilityGlobals) = postSolution
		SolutionGuid = {BA60DE76-9803-4E8E-BE3B-A13C1A91F2D5}
	EndGlobalSection
EndGlobal
